{
  "name": "interal",
  "lockfileVersion": 3,
  "requires": true,
  "packages": {
    "": {
      "dependencies": {
        "@trigger.dev/hono": "^2.3.18",
        "@trigger.dev/sdk": "^2.3.18"
      }
    },
    "node_modules/@trigger.dev/core": {
      "version": "2.3.18",
      "resolved": "https://registry.npmjs.org/@trigger.dev/core/-/core-2.3.18.tgz",
      "integrity": "sha512-j2EdCeyMkZ+zlVnnHl5zmBb+YURSw4x75NqQU1G5X08pQAza7G0qEn8DDGIMR5ieUMiHP0WS9oYy/voYdNfibQ==",
      "dependencies": {
        "ulidx": "^2.2.1",
        "zod": "3.22.3",
        "zod-error": "1.5.0"
      },
      "engines": {
        "node": ">=18.0.0"
      }
    },
    "node_modules/@trigger.dev/core-backend": {
      "version": "2.3.18",
      "resolved": "https://registry.npmjs.org/@trigger.dev/core-backend/-/core-backend-2.3.18.tgz",
      "integrity": "sha512-LVeeerraGeqKNd2gtajQY+mnGWqkYW7Q2r5oWpL5xIZ8aQg3HRhSIfZs1dryexwKlfqnRjGWueGTy2+j1tbzcg==",
      "engines": {
        "node": ">=18.0.0"
      }
    },
    "node_modules/@trigger.dev/hono": {
      "version": "2.3.18",
      "resolved": "https://registry.npmjs.org/@trigger.dev/hono/-/hono-2.3.18.tgz",
      "integrity": "sha512-PxPnytagG4ilF/pSZ24E/EpL7Q3lF6ZyAHa+p7r62oFvKTnpGp2V5uVhEilLDLqru3KcbsuUqiyxLnXgS8wuVw==",
      "engines": {
        "node": ">=18.0.0"
      },
      "peerDependencies": {
        "@trigger.dev/sdk": "^2.3.18",
        "hono": "3.x"
      }
    },
    "node_modules/@trigger.dev/sdk": {
      "version": "2.3.18",
      "resolved": "https://registry.npmjs.org/@trigger.dev/sdk/-/sdk-2.3.18.tgz",
      "integrity": "sha512-Bjxgl4BbWOAL8rhxeBkl7SzvLLRBMJjiftq/7W7u96MDyPRFUoZZvVMSZzTJufnLBf/xS2JTi8LWU8gzhDJDvw==",
      "dependencies": {
        "@trigger.dev/core": "^2.3.18",
        "@trigger.dev/core-backend": "^2.3.18",
        "chalk": "^5.2.0",
        "cronstrue": "^2.21.0",
        "debug": "^4.3.4",
        "evt": "^2.4.13",
        "get-caller-file": "^2.0.5",
        "git-remote-origin-url": "^4.0.0",
        "git-repo-info": "^2.1.1",
        "slug": "^6.0.0",
        "terminal-link": "^3.0.0",
        "ulid": "^2.3.0",
        "uuid": "^9.0.0",
        "ws": "^8.11.0",
        "zod": "3.22.3"
      },
      "engines": {
        "node": ">=18.0.0"
      }
    },
    "node_modules/ansi-escapes": {
      "version": "5.0.0",
      "resolved": "https://registry.npmjs.org/ansi-escapes/-/ansi-escapes-5.0.0.tgz",
      "integrity": "sha512-5GFMVX8HqE/TB+FuBJGuO5XG0WrsA6ptUqoODaT/n9mmUaZFkqnBueB4leqGBCmrUHnCnC4PCZTCd0E7QQ83bA==",
      "dependencies": {
        "type-fest": "^1.0.2"
      },
      "engines": {
        "node": ">=12"
      },
      "funding": {
        "url": "https://github.com/sponsors/sindresorhus"
      }
    },
    "node_modules/chalk": {
      "version": "5.3.0",
      "resolved": "https://registry.npmjs.org/chalk/-/chalk-5.3.0.tgz",
      "integrity": "sha512-dLitG79d+GV1Nb/VYcCDFivJeK1hiukt9QjRNVOsUtTy1rR1YJsmpGGTZ3qJos+uw7WmWF4wUwBd9jxjocFC2w==",
      "engines": {
        "node": "^12.17.0 || ^14.13 || >=16.0.0"
      },
      "funding": {
        "url": "https://github.com/chalk/chalk?sponsor=1"
      }
    },
    "node_modules/cronstrue": {
      "version": "2.48.0",
      "resolved": "https://registry.npmjs.org/cronstrue/-/cronstrue-2.48.0.tgz",
      "integrity": "sha512-w+VAWjiBJmKYeeK+i0ur3G47LcKNgFuWwb8LVJTaXSS2ExtQ5zdiIVnuysgB3N457gTaSllme0qTpdsJWK/wIg==",
      "bin": {
        "cronstrue": "bin/cli.js"
      }
    },
    "node_modules/debug": {
      "version": "4.3.4",
      "resolved": "https://registry.npmjs.org/debug/-/debug-4.3.4.tgz",
      "integrity": "sha512-PRWFHuSU3eDtQJPvnNY7Jcket1j0t5OuOsFzPPzsekD52Zl8qUfFIPEiswXqIvHWGVHOgX+7G/vCNNhehwxfkQ==",
      "dependencies": {
        "ms": "2.1.2"
      },
      "engines": {
        "node": ">=6.0"
      },
      "peerDependenciesMeta": {
        "supports-color": {
          "optional": true
        }
      }
    },
    "node_modules/evt": {
      "version": "2.5.7",
      "resolved": "https://registry.npmjs.org/evt/-/evt-2.5.7.tgz",
      "integrity": "sha512-dr7Wd16ry5F8WNU1xXLKpFpO3HsoAGg8zC48e08vDdzMzGWCP9/QFGt1PQptEEDh8SwYP3EL8M+d/Gb0kgUp6g==",
      "dependencies": {
        "minimal-polyfills": "^2.2.3",
        "run-exclusive": "^2.2.19",
        "tsafe": "^1.6.6"
      }
    },
    "node_modules/get-caller-file": {
      "version": "2.0.5",
      "resolved": "https://registry.npmjs.org/get-caller-file/-/get-caller-file-2.0.5.tgz",
      "integrity": "sha512-DyFP3BM/3YHTQOCUL/w0OZHR0lpKeGrxotcHWcqNEdnltqFwXVfhEBQ94eIo34AfQpo0rGki4cyIiftY06h2Fg==",
      "engines": {
        "node": "6.* || 8.* || >= 10.*"
      }
    },
    "node_modules/git-remote-origin-url": {
      "version": "4.0.0",
      "resolved": "https://registry.npmjs.org/git-remote-origin-url/-/git-remote-origin-url-4.0.0.tgz",
      "integrity": "sha512-EAxDksNdjuWgmVW9pVvA9jQDi/dmTaiDONktIy7qiRRhBZUI4FQK1YvBvteuTSX24aNKg9lfgxNYJEeeSXe6DA==",
      "dependencies": {
        "gitconfiglocal": "^2.1.0"
      },
      "engines": {
        "node": "^12.20.0 || ^14.13.1 || >=16.0.0"
      },
      "funding": {
        "url": "https://github.com/sponsors/sindresorhus"
      }
    },
    "node_modules/git-repo-info": {
      "version": "2.1.1",
      "resolved": "https://registry.npmjs.org/git-repo-info/-/git-repo-info-2.1.1.tgz",
      "integrity": "sha512-8aCohiDo4jwjOwma4FmYFd3i97urZulL8XL24nIPxuE+GZnfsAyy/g2Shqx6OjUiFKUXZM+Yy+KHnOmmA3FVcg==",
      "engines": {
        "node": ">= 4.0"
      }
    },
    "node_modules/gitconfiglocal": {
      "version": "2.1.0",
      "resolved": "https://registry.npmjs.org/gitconfiglocal/-/gitconfiglocal-2.1.0.tgz",
      "integrity": "sha512-qoerOEliJn3z+Zyn1HW2F6eoYJqKwS6MgC9cztTLUB/xLWX8gD/6T60pKn4+t/d6tP7JlybI7Z3z+I572CR/Vg==",
      "dependencies": {
        "ini": "^1.3.2"
      }
    },
    "node_modules/has-flag": {
      "version": "4.0.0",
      "resolved": "https://registry.npmjs.org/has-flag/-/has-flag-4.0.0.tgz",
      "integrity": "sha512-EykJT/Q1KjTWctppgIAgfSO0tKVuZUjhgMr17kqTumMl6Afv3EISleU7qZUzoXDFTAHTDC4NOoG/ZxU3EvlMPQ==",
      "engines": {
        "node": ">=8"
      }
    },
    "node_modules/hono": {
      "version": "3.12.12",
      "resolved": "https://registry.npmjs.org/hono/-/hono-3.12.12.tgz",
      "integrity": "sha512-5IAMJOXfpA5nT+K0MNjClchzz0IhBHs2Szl7WFAhrFOsbtQsYmNynFyJRg/a3IPsmCfxcrf8txUGiNShXpK5Rg==",
      "peer": true,
      "engines": {
        "node": ">=16.0.0"
      }
    },
    "node_modules/ini": {
      "version": "1.3.8",
      "resolved": "https://registry.npmjs.org/ini/-/ini-1.3.8.tgz",
      "integrity": "sha512-JV/yugV2uzW5iMRSiZAyDtQd+nxtUnjeLt0acNdw98kKLrvuRVyB80tsREOE7yvGVgalhZ6RNXCmEHkUKBKxew=="
    },
    "node_modules/layerr": {
      "version": "2.0.1",
      "resolved": "https://registry.npmjs.org/layerr/-/layerr-2.0.1.tgz",
      "integrity": "sha512-z0730CwG/JO24evdORnyDkwG1Q7b7mF2Tp1qRQ0YvrMMARbt1DFG694SOv439Gm7hYKolyZyaB49YIrYIfZBdg=="
    },
    "node_modules/minimal-polyfills": {
      "version": "2.2.3",
      "resolved": "https://registry.npmjs.org/minimal-polyfills/-/minimal-polyfills-2.2.3.tgz",
      "integrity": "sha512-oxdmJ9cL+xV72h0xYxp4tP2d5/fTBpP45H8DIOn9pASuF8a3IYTf+25fMGDYGiWW+MFsuog6KD6nfmhZJQ+uUw=="
    },
    "node_modules/ms": {
      "version": "2.1.2",
      "resolved": "https://registry.npmjs.org/ms/-/ms-2.1.2.tgz",
      "integrity": "sha512-sGkPx+VjMtmA6MX27oA4FBFELFCZZ4S4XqeGOXCv68tT+jb3vk/RyaKWP0PTKyWtmLSM0b+adUTEvbs1PEaH2w=="
    },
    "node_modules/run-exclusive": {
      "version": "2.2.19",
      "resolved": "https://registry.npmjs.org/run-exclusive/-/run-exclusive-2.2.19.tgz",
      "integrity": "sha512-K3mdoAi7tjJ/qT7Flj90L7QyPozwUaAG+CVhkdDje4HLKXUYC3N/Jzkau3flHVDLQVhiHBtcimVodMjN9egYbA==",
      "dependencies": {
        "minimal-polyfills": "^2.2.3"
      }
    },
    "node_modules/slug": {
      "version": "6.1.0",
      "resolved": "https://registry.npmjs.org/slug/-/slug-6.1.0.tgz",
      "integrity": "sha512-x6vLHCMasg4DR2LPiyFGI0gJJhywY6DTiGhCrOMzb3SOk/0JVLIaL4UhyFSHu04SD3uAavrKY/K3zZ3i6iRcgA=="
    },
    "node_modules/supports-color": {
      "version": "7.2.0",
      "resolved": "https://registry.npmjs.org/supports-color/-/supports-color-7.2.0.tgz",
      "integrity": "sha512-qpCAvRl9stuOHveKsn7HncJRvv501qIacKzQlO/+Lwxc9+0q2wLyv4Dfvt80/DPn2pqOBsJdDiogXGR9+OvwRw==",
      "dependencies": {
        "has-flag": "^4.0.0"
      },
      "engines": {
        "node": ">=8"
      }
    },
    "node_modules/supports-hyperlinks": {
      "version": "2.3.0",
      "resolved": "https://registry.npmjs.org/supports-hyperlinks/-/supports-hyperlinks-2.3.0.tgz",
      "integrity": "sha512-RpsAZlpWcDwOPQA22aCH4J0t7L8JmAvsCxfOSEwm7cQs3LshN36QaTkwd70DnBOXDWGssw2eUoc8CaRWT0XunA==",
      "dependencies": {
        "has-flag": "^4.0.0",
        "supports-color": "^7.0.0"
      },
      "engines": {
        "node": ">=8"
      }
    },
    "node_modules/terminal-link": {
      "version": "3.0.0",
      "resolved": "https://registry.npmjs.org/terminal-link/-/terminal-link-3.0.0.tgz",
      "integrity": "sha512-flFL3m4wuixmf6IfhFJd1YPiLiMuxEc8uHRM1buzIeZPm22Au2pDqBJQgdo7n1WfPU1ONFGv7YDwpFBmHGF6lg==",
      "dependencies": {
        "ansi-escapes": "^5.0.0",
        "supports-hyperlinks": "^2.2.0"
      },
      "engines": {
        "node": ">=12"
      },
      "funding": {
        "url": "https://github.com/sponsors/sindresorhus"
      }
    },
    "node_modules/tsafe": {
      "version": "1.6.6",
      "resolved": "https://registry.npmjs.org/tsafe/-/tsafe-1.6.6.tgz",
      "integrity": "sha512-gzkapsdbMNwBnTIjgO758GujLCj031IgHK/PKr2mrmkCSJMhSOR5FeOuSxKLMUoYc0vAA4RGEYYbjt/v6afD3g=="
    },
    "node_modules/type-fest": {
      "version": "1.4.0",
      "resolved": "https://registry.npmjs.org/type-fest/-/type-fest-1.4.0.tgz",
      "integrity": "sha512-yGSza74xk0UG8k+pLh5oeoYirvIiWo5t0/o3zHHAO2tRDiZcxWP7fywNlXhqb6/r6sWvwi+RsyQMWhVLe4BVuA==",
      "engines": {
        "node": ">=10"
      },
      "funding": {
        "url": "https://github.com/sponsors/sindresorhus"
      }
    },
    "node_modules/ulid": {
      "version": "2.3.0",
      "resolved": "https://registry.npmjs.org/ulid/-/ulid-2.3.0.tgz",
      "integrity": "sha512-keqHubrlpvT6G2wH0OEfSW4mquYRcbe/J8NMmveoQOjUqmo+hXtO+ORCpWhdbZ7k72UtY61BL7haGxW6enBnjw==",
      "bin": {
        "ulid": "bin/cli.js"
      }
    },
    "node_modules/ulidx": {
      "version": "2.3.0",
      "resolved": "https://registry.npmjs.org/ulidx/-/ulidx-2.3.0.tgz",
      "integrity": "sha512-36piWNqcdp9hKlQewyeehCaALy4lyx3FodsCxHuV6i0YdexSkjDOubwxEVr2yi4kh62L/0MgyrxqG4K+qtovnw==",
      "dependencies": {
        "layerr": "^2.0.1"
      },
      "engines": {
        "node": ">=16"
      }
    },
    "node_modules/uuid": {
      "version": "9.0.1",
      "resolved": "https://registry.npmjs.org/uuid/-/uuid-9.0.1.tgz",
      "integrity": "sha512-b+1eJOlsR9K8HJpow9Ok3fiWOWSIcIzXodvv0rQjVoOVNpWMpxf1wZNpt4y9h10odCNrqnYp1OBzRktckBe3sA==",
      "funding": [
        "https://github.com/sponsors/broofa",
        "https://github.com/sponsors/ctavan"
      ],
      "bin": {
        "uuid": "dist/bin/uuid"
      }
    },
    "node_modules/ws": {
      "version": "8.16.0",
      "resolved": "https://registry.npmjs.org/ws/-/ws-8.16.0.tgz",
      "integrity": "sha512-HS0c//TP7Ina87TfiPUz1rQzMhHrl/SG2guqRcTOIUYD2q8uhUdNHZYJUaQ8aTGPzCh+c6oawMKW35nFl1dxyQ==",
      "engines": {
        "node": ">=10.0.0"
      },
      "peerDependencies": {
        "bufferutil": "^4.0.1",
        "utf-8-validate": ">=5.0.2"
      },
      "peerDependenciesMeta": {
        "bufferutil": {
          "optional": true
        },
        "utf-8-validate": {
          "optional": true
        }
      }
    },
    "node_modules/zod": {
      "version": "3.22.3",
      "resolved": "https://registry.npmjs.org/zod/-/zod-3.22.3.tgz",
      "integrity": "sha512-EjIevzuJRiRPbVH4mGc8nApb/lVLKVpmUhAaR5R5doKGfAnGJ6Gr3CViAVjP+4FWSxCsybeWQdcgCtbX+7oZug==",
      "funding": {
        "url": "https://github.com/sponsors/colinhacks"
      }
    },
    "node_modules/zod-error": {
      "version": "1.5.0",
      "resolved": "https://registry.npmjs.org/zod-error/-/zod-error-1.5.0.tgz",
      "integrity": "sha512-zzopKZ/skI9iXpqCEPj+iLCKl9b88E43ehcU+sbRoHuwGd9F1IDVGQ70TyO6kmfiRL1g4IXkjsXK+g1gLYl4WQ==",
      "dependencies": {
        "zod": "^3.20.2"
      }
    }
  }
}
